
Microsoft Visual Studio Solution File, Format Version 12.00
# Visual Studio Version 17
VisualStudioVersion = 17.14.36121.58 d17.14
MinimumVisualStudioVersion = 10.0.40219.1
Project("{FAE04EC0-301F-11D3-BF4B-00C04F79EFBC}") = "DTOs", "DTOs\DTOs.csproj", "{72F01D92-328C-4662-BA02-1464E883425F}"
EndProject
Project("{2150E333-8FDC-42A3-9474-1A3956D46DE8}") = "0_DTOs", "0_DTOs", "{02EA681E-C7D8-13C7-8484-4AC65E1B71E8}"
EndProject
Project("{2150E333-8FDC-42A3-9474-1A3956D46DE8}") = "1_DataAccess", "1_DataAccess", "{3D3F389B-E237-4A74-8448-9D716EF48330}"
EndProject
Project("{FAE04EC0-301F-11D3-BF4B-00C04F79EFBC}") = "DataAccess", "DataAccess\DataAccess.csproj", "{1673E898-5C9B-4819-A88A-CB5381320854}"
EndProject
Project("{2150E333-8FDC-42A3-9474-1A3956D46DE8}") = "2_CoreApp", "2_CoreApp", "{A64B7A40-BD19-4556-8252-6F9FD6A47006}"
EndProject
Project("{FAE04EC0-301F-11D3-BF4B-00C04F79EFBC}") = "CoreApp", "CoreApp\CoreApp.csproj", "{07BEB67F-0BA5-4787-8864-CD6360E27B42}"
EndProject
Project("{2150E333-8FDC-42A3-9474-1A3956D46DE8}") = "3_Exceptions", "3_Exceptions", "{1C7BB2A7-950A-4E46-9164-2444E957BAA5}"
EndProject
Project("{FAE04EC0-301F-11D3-BF4B-00C04F79EFBC}") = "Exceptions", "Exceptions\Exceptions.csproj", "{45F22B7C-DB27-4165-B93E-9EE2E6FD717A}"
EndProject
Project("{2150E333-8FDC-42A3-9474-1A3956D46DE8}") = "4_WebAPI", "4_WebAPI", "{F049B184-68F2-4058-98C6-B86E60CF0D06}"
EndProject
Project("{FAE04EC0-301F-11D3-BF4B-00C04F79EFBC}") = "WebAPI", "WebAPI\WebAPI.csproj", "{79C08296-841D-4AB6-B7EB-8AFE7D368778}"
EndProject
Project("{2150E333-8FDC-42A3-9474-1A3956D46DE8}") = "5_WebApp", "5_WebApp", "{B56155D5-D3F2-4405-92DB-E803C96FF7A1}"
EndProject
Project("{FAE04EC0-301F-11D3-BF4B-00C04F79EFBC}") = "WebApp", "WebApp\WebApp.csproj", "{3BACF924-6BEA-4241-B1DE-10C4B3600FDB}"
EndProject
Project("{2150E333-8FDC-42A3-9474-1A3956D46DE8}") = "99_DevTester", "99_DevTester", "{B7DB3946-2C47-4083-A230-27C0128DBA41}"
EndProject
Project("{FAE04EC0-301F-11D3-BF4B-00C04F79EFBC}") = "DevTester", "DevTester\DevTester.csproj", "{674C9924-E5C7-4A03-89BA-931B3B60E70B}"
EndProject
Global
	GlobalSection(SolutionConfigurationPlatforms) = preSolution
		Debug|Any CPU = Debug|Any CPU
		Release|Any CPU = Release|Any CPU
	EndGlobalSection
	GlobalSection(ProjectConfigurationPlatforms) = postSolution
		{72F01D92-328C-4662-BA02-1464E883425F}.Debug|Any CPU.ActiveCfg = Debug|Any CPU
		{72F01D92-328C-4662-BA02-1464E883425F}.Debug|Any CPU.Build.0 = Debug|Any CPU
		{72F01D92-328C-4662-BA02-1464E883425F}.Release|Any CPU.ActiveCfg = Release|Any CPU
		{72F01D92-328C-4662-BA02-1464E883425F}.Release|Any CPU.Build.0 = Release|Any CPU
		{1673E898-5C9B-4819-A88A-CB5381320854}.Debug|Any CPU.ActiveCfg = Debug|Any CPU
		{1673E898-5C9B-4819-A88A-CB5381320854}.Debug|Any CPU.Build.0 = Debug|Any CPU
		{1673E898-5C9B-4819-A88A-CB5381320854}.Release|Any CPU.ActiveCfg = Release|Any CPU
		{1673E898-5C9B-4819-A88A-CB5381320854}.Release|Any CPU.Build.0 = Release|Any CPU
		{07BEB67F-0BA5-4787-8864-CD6360E27B42}.Debug|Any CPU.ActiveCfg = Debug|Any CPU
		{07BEB67F-0BA5-4787-8864-CD6360E27B42}.Debug|Any CPU.Build.0 = Debug|Any CPU
		{07BEB67F-0BA5-4787-8864-CD6360E27B42}.Release|Any CPU.ActiveCfg = Release|Any CPU
		{07BEB67F-0BA5-4787-8864-CD6360E27B42}.Release|Any CPU.Build.0 = Release|Any CPU
		{45F22B7C-DB27-4165-B93E-9EE2E6FD717A}.Debug|Any CPU.ActiveCfg = Debug|Any CPU
		{45F22B7C-DB27-4165-B93E-9EE2E6FD717A}.Debug|Any CPU.Build.0 = Debug|Any CPU
		{45F22B7C-DB27-4165-B93E-9EE2E6FD717A}.Release|Any CPU.ActiveCfg = Release|Any CPU
		{45F22B7C-DB27-4165-B93E-9EE2E6FD717A}.Release|Any CPU.Build.0 = Release|Any CPU
		{79C08296-841D-4AB6-B7EB-8AFE7D368778}.Debug|Any CPU.ActiveCfg = Debug|Any CPU
		{79C08296-841D-4AB6-B7EB-8AFE7D368778}.Debug|Any CPU.Build.0 = Debug|Any CPU
		{79C08296-841D-4AB6-B7EB-8AFE7D368778}.Release|Any CPU.ActiveCfg = Release|Any CPU
		{79C08296-841D-4AB6-B7EB-8AFE7D368778}.Release|Any CPU.Build.0 = Release|Any CPU
		{3BACF924-6BEA-4241-B1DE-10C4B3600FDB}.Debug|Any CPU.ActiveCfg = Debug|Any CPU
		{3BACF924-6BEA-4241-B1DE-10C4B3600FDB}.Debug|Any CPU.Build.0 = Debug|Any CPU
		{3BACF924-6BEA-4241-B1DE-10C4B3600FDB}.Release|Any CPU.ActiveCfg = Release|Any CPU
		{3BACF924-6BEA-4241-B1DE-10C4B3600FDB}.Release|Any CPU.Build.0 = Release|Any CPU
		{674C9924-E5C7-4A03-89BA-931B3B60E70B}.Debug|Any CPU.ActiveCfg = Debug|Any CPU
		{674C9924-E5C7-4A03-89BA-931B3B60E70B}.Debug|Any CPU.Build.0 = Debug|Any CPU
		{674C9924-E5C7-4A03-89BA-931B3B60E70B}.Release|Any CPU.ActiveCfg = Release|Any CPU
		{674C9924-E5C7-4A03-89BA-931B3B60E70B}.Release|Any CPU.Build.0 = Release|Any CPU
	EndGlobalSection
	GlobalSection(SolutionProperties) = preSolution
		HideSolutionNode = FALSE
	EndGlobalSection
	GlobalSection(NestedProjects) = preSolution
		{72F01D92-328C-4662-BA02-1464E883425F} = {02EA681E-C7D8-13C7-8484-4AC65E1B71E8}
		{1673E898-5C9B-4819-A88A-CB5381320854} = {3D3F389B-E237-4A74-8448-9D716EF48330}
		{07BEB67F-0BA5-4787-8864-CD6360E27B42} = {A64B7A40-BD19-4556-8252-6F9FD6A47006}
		{45F22B7C-DB27-4165-B93E-9EE2E6FD717A} = {1C7BB2A7-950A-4E46-9164-2444E957BAA5}
		{79C08296-841D-4AB6-B7EB-8AFE7D368778} = {F049B184-68F2-4058-98C6-B86E60CF0D06}
		{3BACF924-6BEA-4241-B1DE-10C4B3600FDB} = {B56155D5-D3F2-4405-92DB-E803C96FF7A1}
		{674C9924-E5C7-4A03-89BA-931B3B60E70B} = {B7DB3946-2C47-4083-A230-27C0128DBA41}
	EndGlobalSection
	GlobalSection(ExtensibilityGlobals) = postSolution
		SolutionGuid = {046860BE-CF56-4D5B-8327-FCB3054FAA15}
	EndGlobalSection
EndGlobal
